
Microsoft Visual Studio Solution File, Format Version 12.00
# Visual Studio Version 17
VisualStudioVersion = 17.14.36511.14 d17.14
MinimumVisualStudioVersion = 10.0.40219.1
Project("{FAE04EC0-301F-11D3-BF4B-00C04F79EFBC}") = "ListaCompras.API", "ListaCompras.API\ListaCompras.API.csproj", "{DEFE9B95-BC7C-4C24-8B04-8F79F65A9786}"
EndProject
Project("{FAE04EC0-301F-11D3-BF4B-00C04F79EFBC}") = "ListaCompras.BC", "ListaCompras.BC\ListaCompras.BC.csproj", "{EF0669B1-6E40-4A93-BF11-FFDE58DDCB28}"
EndProject
Project("{FAE04EC0-301F-11D3-BF4B-00C04F79EFBC}") = "ListaCompras.DA", "ListaCompras.DA\ListaCompras.DA.csproj", "{769DF26F-80A2-453A-990C-B04726D441DA}"
EndProject
Project("{FAE04EC0-301F-11D3-BF4B-00C04F79EFBC}") = "ListaCompras.BW", "ListaCompras.BW\ListaCompras.BW.csproj", "{76D5C450-D8A6-476F-AB38-AF57BC85CA0C}"
EndProject
Global
	GlobalSection(SolutionConfigurationPlatforms) = preSolution
		Debug|Any CPU = Debug|Any CPU
		Release|Any CPU = Release|Any CPU
	EndGlobalSection
	GlobalSection(ProjectConfigurationPlatforms) = postSolution
		{DEFE9B95-BC7C-4C24-8B04-8F79F65A9786}.Debug|Any CPU.ActiveCfg = Debug|Any CPU
		{DEFE9B95-BC7C-4C24-8B04-8F79F65A9786}.Debug|Any CPU.Build.0 = Debug|Any CPU
		{DEFE9B95-BC7C-4C24-8B04-8F79F65A9786}.Release|Any CPU.ActiveCfg = Release|Any CPU
		{DEFE9B95-BC7C-4C24-8B04-8F79F65A9786}.Release|Any CPU.Build.0 = Release|Any CPU
		{EF0669B1-6E40-4A93-BF11-FFDE58DDCB28}.Debug|Any CPU.ActiveCfg = Debug|Any CPU
		{EF0669B1-6E40-4A93-BF11-FFDE58DDCB28}.Debug|Any CPU.Build.0 = Debug|Any CPU
		{EF0669B1-6E40-4A93-BF11-FFDE58DDCB28}.Release|Any CPU.ActiveCfg = Release|Any CPU
		{EF0669B1-6E40-4A93-BF11-FFDE58DDCB28}.Release|Any CPU.Build.0 = Release|Any CPU
		{769DF26F-80A2-453A-990C-B04726D441DA}.Debug|Any CPU.ActiveCfg = Debug|Any CPU
		{769DF26F-80A2-453A-990C-B04726D441DA}.Debug|Any CPU.Build.0 = Debug|Any CPU
		{769DF26F-80A2-453A-990C-B04726D441DA}.Release|Any CPU.ActiveCfg = Release|Any CPU
		{769DF26F-80A2-453A-990C-B04726D441DA}.Release|Any CPU.Build.0 = Release|Any CPU
		{76D5C450-D8A6-476F-AB38-AF57BC85CA0C}.Debug|Any CPU.ActiveCfg = Debug|Any CPU
		{76D5C450-D8A6-476F-AB38-AF57BC85CA0C}.Debug|Any CPU.Build.0 = Debug|Any CPU
		{76D5C450-D8A6-476F-AB38-AF57BC85CA0C}.Release|Any CPU.ActiveCfg = Release|Any CPU
		{76D5C450-D8A6-476F-AB38-AF57BC85CA0C}.Release|Any CPU.Build.0 = Release|Any CPU
	EndGlobalSection
	GlobalSection(SolutionProperties) = preSolution
		HideSolutionNode = FALSE
	EndGlobalSection
	GlobalSection(ExtensibilityGlobals) = postSolution
		SolutionGuid = {BEB0FB7D-96F3-469B-8882-591A40830F91}
	EndGlobalSection
EndGlobal
